// !$*UTF8*$!
{
	archiveVersion = 1;
	classes = {
	};
	objectVersion = 46;
	objects = {

/* Begin PBXBuildFile section */
		8631703D189D93C100F680D4 /* PuckManFull.png in Resources */ = {isa = PBXBuildFile; fileRef = 8631703B189D93C100F680D4 /* PuckManFull.png */; };
		8631703E189D93C100F680D4 /* PuckManMouth.png in Resources */ = {isa = PBXBuildFile; fileRef = 8631703C189D93C100F680D4 /* PuckManMouth.png */; };
		86317040189D96B100F680D4 /* waka-waka.mp3 in Resources */ = {isa = PBXBuildFile; fileRef = 8631703F189D96B100F680D4 /* waka-waka.mp3 */; };
		864D020B18A7A35700AF75EF /* Cocoa.framework in Frameworks */ = {isa = PBXBuildFile; fileRef = 864D020A18A7A35700AF75EF /* Cocoa.framework */; };
		864D020C18A7A35700AF75EF /* SpriteKit.framework in Frameworks */ = {isa = PBXBuildFile; fileRef = 86C36AAB189D8E2F003A1B5B /* SpriteKit.framework */; };
		864D021818A7A35700AF75EF /* main.m in Sources */ = {isa = PBXBuildFile; fileRef = 864D021718A7A35700AF75EF /* main.m */; };
		864D021E18A7A35700AF75EF /* MainMenu.xib in Resources */ = {isa = PBXBuildFile; fileRef = 864D021D18A7A35700AF75EF /* MainMenu.xib */; };
		864D022818A7A35700AF75EF /* Images.xcassets in Resources */ = {isa = PBXBuildFile; fileRef = 864D022718A7A35700AF75EF /* Images.xcassets */; };
		864D024818A7A6BE00AF75EF /* BBUAppDelegate.m in Sources */ = {isa = PBXBuildFile; fileRef = 864D024718A7A6BE00AF75EF /* BBUAppDelegate.m */; };
		864D024C18A7A7CD00AF75EF /* BBUGameOverScene.m in Sources */ = {isa = PBXBuildFile; fileRef = 86ACBC7318A05B450072491B /* BBUGameOverScene.m */; };
		864D024D18A7A7D000AF75EF /* BBUMyScene.m in Sources */ = {isa = PBXBuildFile; fileRef = 86C36AC0189D8E2F003A1B5B /* BBUMyScene.m */; };
		864D024E18A7AA1700AF75EF /* Ghost.png in Resources */ = {isa = PBXBuildFile; fileRef = 86ACBC6B18A03A550072491B /* Ghost.png */; };
		864D024F18A7AA1B00AF75EF /* PuckManFull.png in Resources */ = {isa = PBXBuildFile; fileRef = 8631703B189D93C100F680D4 /* PuckManFull.png */; };
		864D025018A7AA1E00AF75EF /* PuckManMouth.png in Resources */ = {isa = PBXBuildFile; fileRef = 8631703C189D93C100F680D4 /* PuckManMouth.png */; };
		864D025118A7AA2200AF75EF /* waka-waka.mp3 in Resources */ = {isa = PBXBuildFile; fileRef = 8631703F189D96B100F680D4 /* waka-waka.mp3 */; };
		86ACBC6C18A03A550072491B /* Ghost.png in Resources */ = {isa = PBXBuildFile; fileRef = 86ACBC6B18A03A550072491B /* Ghost.png */; };
		86ACBC7118A059A60072491B /* GameController.framework in Frameworks */ = {isa = PBXBuildFile; fileRef = 86ACBC7018A059A60072491B /* GameController.framework */; };
		86ACBC7418A05B450072491B /* BBUGameOverScene.m in Sources */ = {isa = PBXBuildFile; fileRef = 86ACBC7318A05B450072491B /* BBUGameOverScene.m */; };
		86C36AA6189D8E2F003A1B5B /* Foundation.framework in Frameworks */ = {isa = PBXBuildFile; fileRef = 86C36AA5189D8E2F003A1B5B /* Foundation.framework */; };
		86C36AA8189D8E2F003A1B5B /* CoreGraphics.framework in Frameworks */ = {isa = PBXBuildFile; fileRef = 86C36AA7189D8E2F003A1B5B /* CoreGraphics.framework */; };
		86C36AAA189D8E2F003A1B5B /* UIKit.framework in Frameworks */ = {isa = PBXBuildFile; fileRef = 86C36AA9189D8E2F003A1B5B /* UIKit.framework */; };
		86C36AAC189D8E2F003A1B5B /* SpriteKit.framework in Frameworks */ = {isa = PBXBuildFile; fileRef = 86C36AAB189D8E2F003A1B5B /* SpriteKit.framework */; };
		86C36AB4189D8E2F003A1B5B /* main.m in Sources */ = {isa = PBXBuildFile; fileRef = 86C36AB3189D8E2F003A1B5B /* main.m */; };
		86C36AB8189D8E2F003A1B5B /* BBUAppDelegate.m in Sources */ = {isa = PBXBuildFile; fileRef = 86C36AB7189D8E2F003A1B5B /* BBUAppDelegate.m */; };
		86C36ABE189D8E2F003A1B5B /* BBUViewController.m in Sources */ = {isa = PBXBuildFile; fileRef = 86C36ABD189D8E2F003A1B5B /* BBUViewController.m */; };
		86C36AC1189D8E2F003A1B5B /* BBUMyScene.m in Sources */ = {isa = PBXBuildFile; fileRef = 86C36AC0189D8E2F003A1B5B /* BBUMyScene.m */; };
		86C36AC5189D8E2F003A1B5B /* Images.xcassets in Resources */ = {isa = PBXBuildFile; fileRef = 86C36AC4189D8E2F003A1B5B /* Images.xcassets */; };
		A1CDA2B71BCBCCB4002EF10F /* AppDelegate.swift in Sources */ = {isa = PBXBuildFile; fileRef = A1CDA2B61BCBCCB4002EF10F /* AppDelegate.swift */; };
		A1CDA2C41BCBCCB4002EF10F /* Assets.xcassets in Resources */ = {isa = PBXBuildFile; fileRef = A1CDA2C31BCBCCB4002EF10F /* Assets.xcassets */; };
		A1CDA2CB1BCBCDF0002EF10F /* BBUGameOverScene.m in Sources */ = {isa = PBXBuildFile; fileRef = 86ACBC7318A05B450072491B /* BBUGameOverScene.m */; };
		A1CDA2CC1BCBCDF0002EF10F /* BBUMyScene.m in Sources */ = {isa = PBXBuildFile; fileRef = 86C36AC0189D8E2F003A1B5B /* BBUMyScene.m */; };
		A1CDA2CD1BCBCDF0002EF10F /* BBUViewController.m in Sources */ = {isa = PBXBuildFile; fileRef = 86C36ABD189D8E2F003A1B5B /* BBUViewController.m */; };
		A1CDA2CF1BCBCF9E002EF10F /* Ghost.png in Resources */ = {isa = PBXBuildFile; fileRef = 86ACBC6B18A03A550072491B /* Ghost.png */; };
		A1CDA2D01BCBCFA1002EF10F /* PuckManFull.png in Resources */ = {isa = PBXBuildFile; fileRef = 8631703B189D93C100F680D4 /* PuckManFull.png */; };
		A1CDA2D11BCBCFA4002EF10F /* PuckManMouth.png in Resources */ = {isa = PBXBuildFile; fileRef = 8631703C189D93C100F680D4 /* PuckManMouth.png */; };
		A1CDA2D21BCBCFA7002EF10F /* waka-waka.mp3 in Resources */ = {isa = PBXBuildFile; fileRef = 8631703F189D96B100F680D4 /* waka-waka.mp3 */; };
/* End PBXBuildFile section */

/* Begin PBXFileReference section */
		8631703B189D93C100F680D4 /* PuckManFull.png */ = {isa = PBXFileReference; lastKnownFileType = image.png; path = PuckManFull.png; sourceTree = "<group>"; };
		8631703C189D93C100F680D4 /* PuckManMouth.png */ = {isa = PBXFileReference; lastKnownFileType = image.png; path = PuckManMouth.png; sourceTree = "<group>"; };
		8631703F189D96B100F680D4 /* waka-waka.mp3 */ = {isa = PBXFileReference; lastKnownFileType = audio.mp3; path = "waka-waka.mp3"; sourceTree = "<group>"; };
		864D020918A7A35700AF75EF /* PuckMan-OSX.app */ = {isa = PBXFileReference; explicitFileType = wrapper.application; includeInIndex = 0; path = "PuckMan-OSX.app"; sourceTree = BUILT_PRODUCTS_DIR; };
		864D020A18A7A35700AF75EF /* Cocoa.framework */ = {isa = PBXFileReference; lastKnownFileType = wrapper.framework; name = Cocoa.framework; path = Library/Frameworks/Cocoa.framework; sourceTree = DEVELOPER_DIR; };
		864D020E18A7A35700AF75EF /* AppKit.framework */ = {isa = PBXFileReference; lastKnownFileType = wrapper.framework; name = AppKit.framework; path = Library/Frameworks/AppKit.framework; sourceTree = SDKROOT; };
		864D021018A7A35700AF75EF /* Foundation.framework */ = {isa = PBXFileReference; lastKnownFileType = wrapper.framework; name = Foundation.framework; path = Library/Frameworks/Foundation.framework; sourceTree = SDKROOT; };
		864D021718A7A35700AF75EF /* main.m */ = {isa = PBXFileReference; lastKnownFileType = sourcecode.c.objc; name = main.m; path = OSX/main.m; sourceTree = "<group>"; };
		864D021918A7A35700AF75EF /* PuckMan-OSX-Prefix.pch */ = {isa = PBXFileReference; lastKnownFileType = sourcecode.c.h; path = "PuckMan-OSX-Prefix.pch"; sourceTree = "<group>"; };
		864D021D18A7A35700AF75EF /* MainMenu.xib */ = {isa = PBXFileReference; lastKnownFileType = file.xib; path = MainMenu.xib; sourceTree = "<group>"; };
		864D022718A7A35700AF75EF /* Images.xcassets */ = {isa = PBXFileReference; lastKnownFileType = folder.assetcatalog; name = Images.xcassets; path = OSX/Images.xcassets; sourceTree = "<group>"; };
		864D022E18A7A35700AF75EF /* XCTest.framework */ = {isa = PBXFileReference; lastKnownFileType = wrapper.framework; name = XCTest.framework; path = Library/Frameworks/XCTest.framework; sourceTree = DEVELOPER_DIR; };
		864D024718A7A6BE00AF75EF /* BBUAppDelegate.m */ = {isa = PBXFileReference; fileEncoding = 4; lastKnownFileType = sourcecode.c.objc; name = BBUAppDelegate.m; path = OSX/BBUAppDelegate.m; sourceTree = "<group>"; };
		864D024918A7A75D00AF75EF /* BBUAppDelegate.h */ = {isa = PBXFileReference; lastKnownFileType = sourcecode.c.h; name = BBUAppDelegate.h; path = OSX/BBUAppDelegate.h; sourceTree = "<group>"; };
		864D024A18A7A78600AF75EF /* PuckMan-OSX-Info.plist */ = {isa = PBXFileReference; fileEncoding = 4; lastKnownFileType = text.plist.xml; path = "PuckMan-OSX-Info.plist"; sourceTree = "<group>"; };
		86ACBC6B18A03A550072491B /* Ghost.png */ = {isa = PBXFileReference; lastKnownFileType = image.png; path = Ghost.png; sourceTree = "<group>"; };
		86ACBC7018A059A60072491B /* GameController.framework */ = {isa = PBXFileReference; lastKnownFileType = wrapper.framework; name = GameController.framework; path = System/Library/Frameworks/GameController.framework; sourceTree = SDKROOT; };
		86ACBC7218A05B450072491B /* BBUGameOverScene.h */ = {isa = PBXFileReference; fileEncoding = 4; lastKnownFileType = sourcecode.c.h; path = BBUGameOverScene.h; sourceTree = "<group>"; };
		86ACBC7318A05B450072491B /* BBUGameOverScene.m */ = {isa = PBXFileReference; fileEncoding = 4; lastKnownFileType = sourcecode.c.objc; path = BBUGameOverScene.m; sourceTree = "<group>"; };
		86C36AA2189D8E2F003A1B5B /* PuckMan.app */ = {isa = PBXFileReference; explicitFileType = wrapper.application; includeInIndex = 0; path = PuckMan.app; sourceTree = BUILT_PRODUCTS_DIR; };
		86C36AA5189D8E2F003A1B5B /* Foundation.framework */ = {isa = PBXFileReference; lastKnownFileType = wrapper.framework; name = Foundation.framework; path = System/Library/Frameworks/Foundation.framework; sourceTree = SDKROOT; };
		86C36AA7189D8E2F003A1B5B /* CoreGraphics.framework */ = {isa = PBXFileReference; lastKnownFileType = wrapper.framework; name = CoreGraphics.framework; path = System/Library/Frameworks/CoreGraphics.framework; sourceTree = SDKROOT; };
		86C36AA9189D8E2F003A1B5B /* UIKit.framework */ = {isa = PBXFileReference; lastKnownFileType = wrapper.framework; name = UIKit.framework; path = System/Library/Frameworks/UIKit.framework; sourceTree = SDKROOT; };
		86C36AAB189D8E2F003A1B5B /* SpriteKit.framework */ = {isa = PBXFileReference; lastKnownFileType = wrapper.framework; name = SpriteKit.framework; path = System/Library/Frameworks/SpriteKit.framework; sourceTree = SDKROOT; };
		86C36AAF189D8E2F003A1B5B /* PuckMan-Info.plist */ = {isa = PBXFileReference; lastKnownFileType = text.plist.xml; path = "PuckMan-Info.plist"; sourceTree = "<group>"; };
		86C36AB3189D8E2F003A1B5B /* main.m */ = {isa = PBXFileReference; lastKnownFileType = sourcecode.c.objc; path = main.m; sourceTree = "<group>"; };
		86C36AB5189D8E2F003A1B5B /* PuckMan-Prefix.pch */ = {isa = PBXFileReference; lastKnownFileType = sourcecode.c.h; path = "PuckMan-Prefix.pch"; sourceTree = "<group>"; };
		86C36AB6189D8E2F003A1B5B /* BBUAppDelegate.h */ = {isa = PBXFileReference; lastKnownFileType = sourcecode.c.h; path = BBUAppDelegate.h; sourceTree = "<group>"; };
		86C36AB7189D8E2F003A1B5B /* BBUAppDelegate.m */ = {isa = PBXFileReference; lastKnownFileType = sourcecode.c.objc; path = BBUAppDelegate.m; sourceTree = "<group>"; };
		86C36ABC189D8E2F003A1B5B /* BBUViewController.h */ = {isa = PBXFileReference; lastKnownFileType = sourcecode.c.h; path = BBUViewController.h; sourceTree = "<group>"; };
		86C36ABD189D8E2F003A1B5B /* BBUViewController.m */ = {isa = PBXFileReference; lastKnownFileType = sourcecode.c.objc; path = BBUViewController.m; sourceTree = "<group>"; };
		86C36ABF189D8E2F003A1B5B /* BBUMyScene.h */ = {isa = PBXFileReference; lastKnownFileType = sourcecode.c.h; path = BBUMyScene.h; sourceTree = "<group>"; };
		86C36AC0189D8E2F003A1B5B /* BBUMyScene.m */ = {isa = PBXFileReference; lastKnownFileType = sourcecode.c.objc; path = BBUMyScene.m; sourceTree = "<group>"; };
		86C36AC4189D8E2F003A1B5B /* Images.xcassets */ = {isa = PBXFileReference; lastKnownFileType = folder.assetcatalog; path = Images.xcassets; sourceTree = "<group>"; };
		A1CDA2B41BCBCCB4002EF10F /* PuckMan-TV.app */ = {isa = PBXFileReference; explicitFileType = wrapper.application; includeInIndex = 0; path = "PuckMan-TV.app"; sourceTree = BUILT_PRODUCTS_DIR; };
		A1CDA2B61BCBCCB4002EF10F /* AppDelegate.swift */ = {isa = PBXFileReference; lastKnownFileType = sourcecode.swift; name = AppDelegate.swift; path = tvOS/AppDelegate.swift; sourceTree = "<group>"; };
		A1CDA2C31BCBCCB4002EF10F /* Assets.xcassets */ = {isa = PBXFileReference; lastKnownFileType = folder.assetcatalog; name = Assets.xcassets; path = tvOS/Assets.xcassets; sourceTree = "<group>"; };
		A1CDA2C51BCBCCB4002EF10F /* Info.plist */ = {isa = PBXFileReference; lastKnownFileType = text.plist.xml; name = Info.plist; path = tvOS/Info.plist; sourceTree = "<group>"; };
		A1CDA2CE1BCBCE37002EF10F /* BridgingHeader.h */ = {isa = PBXFileReference; lastKnownFileType = sourcecode.c.h; name = BridgingHeader.h; path = tvOS/BridgingHeader.h; sourceTree = "<group>"; };
/* End PBXFileReference section */

/* Begin PBXFrameworksBuildPhase section */
		864D020618A7A35700AF75EF /* Frameworks */ = {
			isa = PBXFrameworksBuildPhase;
			buildActionMask = 2147483647;
			files = (
				864D020C18A7A35700AF75EF /* SpriteKit.framework in Frameworks */,
				864D020B18A7A35700AF75EF /* Cocoa.framework in Frameworks */,
			);
			runOnlyForDeploymentPostprocessing = 0;
		};
		86C36A9F189D8E2F003A1B5B /* Frameworks */ = {
			isa = PBXFrameworksBuildPhase;
			buildActionMask = 2147483647;
			files = (
				86ACBC7118A059A60072491B /* GameController.framework in Frameworks */,
				86C36AA8189D8E2F003A1B5B /* CoreGraphics.framework in Frameworks */,
				86C36AAA189D8E2F003A1B5B /* UIKit.framework in Frameworks */,
				86C36AAC189D8E2F003A1B5B /* SpriteKit.framework in Frameworks */,
				86C36AA6189D8E2F003A1B5B /* Foundation.framework in Frameworks */,
			);
			runOnlyForDeploymentPostprocessing = 0;
		};
		A1CDA2B11BCBCCB4002EF10F /* Frameworks */ = {
			isa = PBXFrameworksBuildPhase;
			buildActionMask = 2147483647;
			files = (
			);
			runOnlyForDeploymentPostprocessing = 0;
		};
/* End PBXFrameworksBuildPhase section */

/* Begin PBXGroup section */
		864D024118A7A4DF00AF75EF /* iOS */ = {
			isa = PBXGroup;
			children = (
				86C36AC4189D8E2F003A1B5B /* Images.xcassets */,
			);
			name = iOS;
			sourceTree = "<group>";
		};
		864D024218A7A4E700AF75EF /* OS X */ = {
			isa = PBXGroup;
			children = (
				864D022718A7A35700AF75EF /* Images.xcassets */,
				864D021D18A7A35700AF75EF /* MainMenu.xib */,
			);
			name = "OS X";
			sourceTree = "<group>";
		};
		864D024418A7A52500AF75EF /* OS X */ = {
			isa = PBXGroup;
			children = (
				864D021718A7A35700AF75EF /* main.m */,
			);
			name = "OS X";
			sourceTree = "<group>";
		};
		864D024518A7A57E00AF75EF /* iOS */ = {
			isa = PBXGroup;
			children = (
				86C36AB6189D8E2F003A1B5B /* BBUAppDelegate.h */,
				86C36AB7189D8E2F003A1B5B /* BBUAppDelegate.m */,
			);
			name = iOS;
			sourceTree = "<group>";
		};
		864D024618A7A58900AF75EF /* OS X */ = {
			isa = PBXGroup;
			children = (
				864D024918A7A75D00AF75EF /* BBUAppDelegate.h */,
				864D024718A7A6BE00AF75EF /* BBUAppDelegate.m */,
			);
			name = "OS X";
			sourceTree = "<group>";
		};
		86C36A99189D8E2F003A1B5B = {
			isa = PBXGroup;
			children = (
				86C36AAD189D8E2F003A1B5B /* Code */,
				86C36AA4189D8E2F003A1B5B /* Frameworks */,
				86C36AA3189D8E2F003A1B5B /* Products */,
				86C36AE1189D8F16003A1B5B /* Resources */,
				86C36AAE189D8E2F003A1B5B /* Supporting Files */,
			);
			sourceTree = "<group>";
		};
		86C36AA3189D8E2F003A1B5B /* Products */ = {
			isa = PBXGroup;
			children = (
				86C36AA2189D8E2F003A1B5B /* PuckMan.app */,
				864D020918A7A35700AF75EF /* PuckMan-OSX.app */,
				A1CDA2B41BCBCCB4002EF10F /* PuckMan-TV.app */,
			);
			name = Products;
			sourceTree = "<group>";
		};
		86C36AA4189D8E2F003A1B5B /* Frameworks */ = {
			isa = PBXGroup;
			children = (
				864D020E18A7A35700AF75EF /* AppKit.framework */,
				864D020A18A7A35700AF75EF /* Cocoa.framework */,
				86C36AA7189D8E2F003A1B5B /* CoreGraphics.framework */,
				86C36AA5189D8E2F003A1B5B /* Foundation.framework */,
				864D021018A7A35700AF75EF /* Foundation.framework */,
				86ACBC7018A059A60072491B /* GameController.framework */,
				86C36AAB189D8E2F003A1B5B /* SpriteKit.framework */,
				86C36AA9189D8E2F003A1B5B /* UIKit.framework */,
				864D022E18A7A35700AF75EF /* XCTest.framework */,
			);
			name = Frameworks;
			sourceTree = "<group>";
		};
		86C36AAD189D8E2F003A1B5B /* Code */ = {
			isa = PBXGroup;
			children = (
				864D024518A7A57E00AF75EF /* iOS */,
				864D024618A7A58900AF75EF /* OS X */,
				A1CDA2C91BCBCCD4002EF10F /* tvOS */,
				86ACBC7218A05B450072491B /* BBUGameOverScene.h */,
				86ACBC7318A05B450072491B /* BBUGameOverScene.m */,
				86C36ABF189D8E2F003A1B5B /* BBUMyScene.h */,
				86C36AC0189D8E2F003A1B5B /* BBUMyScene.m */,
				86C36ABC189D8E2F003A1B5B /* BBUViewController.h */,
				86C36ABD189D8E2F003A1B5B /* BBUViewController.m */,
			);
			path = Code;
			sourceTree = "<group>";
		};
		86C36AAE189D8E2F003A1B5B /* Supporting Files */ = {
			isa = PBXGroup;
			children = (
				864D024418A7A52500AF75EF /* OS X */,
				A1CDA2C51BCBCCB4002EF10F /* Info.plist */,
				86C36AB3189D8E2F003A1B5B /* main.m */,
				86C36AAF189D8E2F003A1B5B /* PuckMan-Info.plist */,
				864D024A18A7A78600AF75EF /* PuckMan-OSX-Info.plist */,
				864D021918A7A35700AF75EF /* PuckMan-OSX-Prefix.pch */,
				86C36AB5189D8E2F003A1B5B /* PuckMan-Prefix.pch */,
			);
			name = "Supporting Files";
			path = Supporting_Files;
			sourceTree = "<group>";
		};
		86C36AE1189D8F16003A1B5B /* Resources */ = {
			isa = PBXGroup;
			children = (
				864D024218A7A4E700AF75EF /* OS X */,
				864D024118A7A4DF00AF75EF /* iOS */,
				A1CDA2CA1BCBCCF2002EF10F /* tvOS */,
				86ACBC6B18A03A550072491B /* Ghost.png */,
				8631703B189D93C100F680D4 /* PuckManFull.png */,
				8631703C189D93C100F680D4 /* PuckManMouth.png */,
				8631703F189D96B100F680D4 /* waka-waka.mp3 */,
			);
			path = Resources;
			sourceTree = "<group>";
		};
		A1CDA2C91BCBCCD4002EF10F /* tvOS */ = {
			isa = PBXGroup;
			children = (
				A1CDA2B61BCBCCB4002EF10F /* AppDelegate.swift */,
				A1CDA2CE1BCBCE37002EF10F /* BridgingHeader.h */,
			);
			name = tvOS;
			sourceTree = "<group>";
		};
		A1CDA2CA1BCBCCF2002EF10F /* tvOS */ = {
			isa = PBXGroup;
			children = (
				A1CDA2C31BCBCCB4002EF10F /* Assets.xcassets */,
			);
			name = tvOS;
			sourceTree = "<group>";
		};
/* End PBXGroup section */

/* Begin PBXNativeTarget section */
		864D020818A7A35700AF75EF /* PuckMan-OSX */ = {
			isa = PBXNativeTarget;
			buildConfigurationList = 864D023F18A7A35700AF75EF /* Build configuration list for PBXNativeTarget "PuckMan-OSX" */;
			buildPhases = (
				864D020518A7A35700AF75EF /* Sources */,
				864D020618A7A35700AF75EF /* Frameworks */,
				864D020718A7A35700AF75EF /* Resources */,
			);
			buildRules = (
			);
			dependencies = (
			);
			name = "PuckMan-OSX";
			productName = "PuckMan-OSX";
			productReference = 864D020918A7A35700AF75EF /* PuckMan-OSX.app */;
			productType = "com.apple.product-type.application";
		};
		86C36AA1189D8E2F003A1B5B /* PuckMan */ = {
			isa = PBXNativeTarget;
			buildConfigurationList = 86C36ADB189D8E30003A1B5B /* Build configuration list for PBXNativeTarget "PuckMan" */;
			buildPhases = (
				86C36A9E189D8E2F003A1B5B /* Sources */,
				86C36A9F189D8E2F003A1B5B /* Frameworks */,
				86C36AA0189D8E2F003A1B5B /* Resources */,
			);
			buildRules = (
			);
			dependencies = (
			);
			name = PuckMan;
			productName = PuckMan;
			productReference = 86C36AA2189D8E2F003A1B5B /* PuckMan.app */;
			productType = "com.apple.product-type.application";
		};
		A1CDA2B31BCBCCB4002EF10F /* PuckMan-TV */ = {
			isa = PBXNativeTarget;
			buildConfigurationList = A1CDA2C81BCBCCB4002EF10F /* Build configuration list for PBXNativeTarget "PuckMan-TV" */;
			buildPhases = (
				A1CDA2B01BCBCCB4002EF10F /* Sources */,
				A1CDA2B11BCBCCB4002EF10F /* Frameworks */,
				A1CDA2B21BCBCCB4002EF10F /* Resources */,
			);
			buildRules = (
			);
			dependencies = (
			);
			name = "PuckMan-TV";
			productName = "PuckMan-TV";
			productReference = A1CDA2B41BCBCCB4002EF10F /* PuckMan-TV.app */;
			productType = "com.apple.product-type.application";
		};
/* End PBXNativeTarget section */

/* Begin PBXProject section */
		86C36A9A189D8E2F003A1B5B /* Project object */ = {
			isa = PBXProject;
			attributes = {
				CLASSPREFIX = BBU;
				LastSwiftUpdateCheck = 0710;
				LastUpgradeCheck = 0710;
				ORGANIZATIONNAME = "Boris Bügling";
				TargetAttributes = {
					A1CDA2B31BCBCCB4002EF10F = {
						CreatedOnToolsVersion = 7.1;
					};
				};
			};
			buildConfigurationList = 86C36A9D189D8E2F003A1B5B /* Build configuration list for PBXProject "PuckMan" */;
			compatibilityVersion = "Xcode 3.2";
			developmentRegion = English;
			hasScannedForEncodings = 0;
			knownRegions = (
				en,
				Base,
			);
			mainGroup = 86C36A99189D8E2F003A1B5B;
			productRefGroup = 86C36AA3189D8E2F003A1B5B /* Products */;
			projectDirPath = "";
			projectRoot = "";
			targets = (
				86C36AA1189D8E2F003A1B5B /* PuckMan */,
				864D020818A7A35700AF75EF /* PuckMan-OSX */,
				A1CDA2B31BCBCCB4002EF10F /* PuckMan-TV */,
			);
		};
/* End PBXProject section */

/* Begin PBXResourcesBuildPhase section */
		864D020718A7A35700AF75EF /* Resources */ = {
			isa = PBXResourcesBuildPhase;
			buildActionMask = 2147483647;
			files = (
				864D024F18A7AA1B00AF75EF /* PuckManFull.png in Resources */,
				864D022818A7A35700AF75EF /* Images.xcassets in Resources */,
				864D021E18A7A35700AF75EF /* MainMenu.xib in Resources */,
				864D025018A7AA1E00AF75EF /* PuckManMouth.png in Resources */,
				864D025118A7AA2200AF75EF /* waka-waka.mp3 in Resources */,
				864D024E18A7AA1700AF75EF /* Ghost.png in Resources */,
			);
			runOnlyForDeploymentPostprocessing = 0;
		};
		86C36AA0189D8E2F003A1B5B /* Resources */ = {
			isa = PBXResourcesBuildPhase;
			buildActionMask = 2147483647;
			files = (
				86C36AC5189D8E2F003A1B5B /* Images.xcassets in Resources */,
				86317040189D96B100F680D4 /* waka-waka.mp3 in Resources */,
				8631703D189D93C100F680D4 /* PuckManFull.png in Resources */,
				86ACBC6C18A03A550072491B /* Ghost.png in Resources */,
				8631703E189D93C100F680D4 /* PuckManMouth.png in Resources */,
			);
			runOnlyForDeploymentPostprocessing = 0;
		};
		A1CDA2B21BCBCCB4002EF10F /* Resources */ = {
			isa = PBXResourcesBuildPhase;
			buildActionMask = 2147483647;
			files = (
				A1CDA2C41BCBCCB4002EF10F /* Assets.xcassets in Resources */,
				A1CDA2CF1BCBCF9E002EF10F /* Ghost.png in Resources */,
				A1CDA2D21BCBCFA7002EF10F /* waka-waka.mp3 in Resources */,
				A1CDA2D01BCBCFA1002EF10F /* PuckManFull.png in Resources */,
				A1CDA2D11BCBCFA4002EF10F /* PuckManMouth.png in Resources */,
			);
			runOnlyForDeploymentPostprocessing = 0;
		};
/* End PBXResourcesBuildPhase section */

/* Begin PBXSourcesBuildPhase section */
		864D020518A7A35700AF75EF /* Sources */ = {
			isa = PBXSourcesBuildPhase;
			buildActionMask = 2147483647;
			files = (
				864D024D18A7A7D000AF75EF /* BBUMyScene.m in Sources */,
				864D021818A7A35700AF75EF /* main.m in Sources */,
				864D024C18A7A7CD00AF75EF /* BBUGameOverScene.m in Sources */,
				864D024818A7A6BE00AF75EF /* BBUAppDelegate.m in Sources */,
			);
			runOnlyForDeploymentPostprocessing = 0;
		};
		86C36A9E189D8E2F003A1B5B /* Sources */ = {
			isa = PBXSourcesBuildPhase;
			buildActionMask = 2147483647;
			files = (
				86C36AC1189D8E2F003A1B5B /* BBUMyScene.m in Sources */,
				86ACBC7418A05B450072491B /* BBUGameOverScene.m in Sources */,
				86C36AB8189D8E2F003A1B5B /* BBUAppDelegate.m in Sources */,
				86C36AB4189D8E2F003A1B5B /* main.m in Sources */,
				86C36ABE189D8E2F003A1B5B /* BBUViewController.m in Sources */,
			);
			runOnlyForDeploymentPostprocessing = 0;
		};
		A1CDA2B01BCBCCB4002EF10F /* Sources */ = {
			isa = PBXSourcesBuildPhase;
			buildActionMask = 2147483647;
			files = (
				A1CDA2CB1BCBCDF0002EF10F /* BBUGameOverScene.m in Sources */,
				A1CDA2CC1BCBCDF0002EF10F /* BBUMyScene.m in Sources */,
				A1CDA2CD1BCBCDF0002EF10F /* BBUViewController.m in Sources */,
				A1CDA2B71BCBCCB4002EF10F /* AppDelegate.swift in Sources */,
			);
			runOnlyForDeploymentPostprocessing = 0;
		};
/* End PBXSourcesBuildPhase section */

/* Begin XCBuildConfiguration section */
		864D023B18A7A35700AF75EF /* Debug */ = {
			isa = XCBuildConfiguration;
			buildSettings = {
				ASSETCATALOG_COMPILER_APPICON_NAME = AppIcon;
				COMBINE_HIDPI_IMAGES = YES;
				FRAMEWORK_SEARCH_PATHS = (
					"$(inherited)",
					"$(DEVELOPER_FRAMEWORKS_DIR)",
				);
				GCC_ENABLE_OBJC_EXCEPTIONS = YES;
				GCC_PRECOMPILE_PREFIX_HEADER = YES;
				GCC_PREFIX_HEADER = "Supporting_Files/PuckMan-OSX-Prefix.pch";
				GCC_PREPROCESSOR_DEFINITIONS = (
					"DEBUG=1",
					"$(inherited)",
				);
				GCC_WARN_UNINITIALIZED_AUTOS = YES;
				INFOPLIST_FILE = "$(SRCROOT)/Supporting_Files/PuckMan-OSX-Info.plist";
				MACOSX_DEPLOYMENT_TARGET = 10.9;
				PRODUCT_BUNDLE_IDENTIFIER = "org.vu0.${PRODUCT_NAME:rfc1034identifier}";
				PRODUCT_NAME = "$(TARGET_NAME)";
				SDKROOT = macosx;
				SPRITEKIT_TEXTURE_ATLAS_OUTPUT = YES;
				WRAPPER_EXTENSION = app;
			};
			name = Debug;
		};
		864D023C18A7A35700AF75EF /* Release */ = {
			isa = XCBuildConfiguration;
			buildSettings = {
				ASSETCATALOG_COMPILER_APPICON_NAME = AppIcon;
				COMBINE_HIDPI_IMAGES = YES;
				DEBUG_INFORMATION_FORMAT = "dwarf-with-dsym";
				FRAMEWORK_SEARCH_PATHS = (
					"$(inherited)",
					"$(DEVELOPER_FRAMEWORKS_DIR)",
				);
				GCC_ENABLE_OBJC_EXCEPTIONS = YES;
				GCC_PRECOMPILE_PREFIX_HEADER = YES;
				GCC_PREFIX_HEADER = "Supporting_Files/PuckMan-OSX-Prefix.pch";
				GCC_WARN_UNINITIALIZED_AUTOS = YES;
				INFOPLIST_FILE = "$(SRCROOT)/Supporting_Files/PuckMan-OSX-Info.plist";
				MACOSX_DEPLOYMENT_TARGET = 10.9;
				PRODUCT_BUNDLE_IDENTIFIER = "org.vu0.${PRODUCT_NAME:rfc1034identifier}";
				PRODUCT_NAME = "$(TARGET_NAME)";
				SDKROOT = macosx;
				SPRITEKIT_TEXTURE_ATLAS_OUTPUT = YES;
				WRAPPER_EXTENSION = app;
			};
			name = Release;
		};
		86C36AD9189D8E30003A1B5B /* Debug */ = {
			isa = XCBuildConfiguration;
			buildSettings = {
				ALWAYS_SEARCH_USER_PATHS = NO;
				CLANG_CXX_LANGUAGE_STANDARD = "gnu++0x";
				CLANG_CXX_LIBRARY = "libc++";
				CLANG_ENABLE_MODULES = YES;
				CLANG_ENABLE_OBJC_ARC = YES;
				CLANG_WARN_BOOL_CONVERSION = YES;
				CLANG_WARN_CONSTANT_CONVERSION = YES;
				CLANG_WARN_DIRECT_OBJC_ISA_USAGE = YES_ERROR;
				CLANG_WARN_EMPTY_BODY = YES;
				CLANG_WARN_ENUM_CONVERSION = YES;
				CLANG_WARN_INT_CONVERSION = YES;
				CLANG_WARN_OBJC_ROOT_CLASS = YES_ERROR;
				CLANG_WARN__DUPLICATE_METHOD_MATCH = YES;
				"CODE_SIGN_IDENTITY[sdk=iphoneos*]" = "iPhone Developer";
				COPY_PHASE_STRIP = NO;
				ENABLE_TESTABILITY = YES;
				GCC_C_LANGUAGE_STANDARD = gnu99;
				GCC_DYNAMIC_NO_PIC = NO;
				GCC_OPTIMIZATION_LEVEL = 0;
				GCC_PREPROCESSOR_DEFINITIONS = (
					"DEBUG=1",
					"$(inherited)",
				);
				GCC_SYMBOLS_PRIVATE_EXTERN = NO;
				GCC_WARN_64_TO_32_BIT_CONVERSION = YES;
				GCC_WARN_ABOUT_RETURN_TYPE = YES_ERROR;
				GCC_WARN_UNDECLARED_SELECTOR = YES;
				GCC_WARN_UNINITIALIZED_AUTOS = YES_AGGRESSIVE;
				GCC_WARN_UNUSED_FUNCTION = YES;
				GCC_WARN_UNUSED_VARIABLE = YES;
				IPHONEOS_DEPLOYMENT_TARGET = 7.0;
				ONLY_ACTIVE_ARCH = YES;
				SDKROOT = iphoneos;
			};
			name = Debug;
		};
		86C36ADA189D8E30003A1B5B /* Release */ = {
			isa = XCBuildConfiguration;
			buildSettings = {
				ALWAYS_SEARCH_USER_PATHS = NO;
				CLANG_CXX_LANGUAGE_STANDARD = "gnu++0x";
				CLANG_CXX_LIBRARY = "libc++";
				CLANG_ENABLE_MODULES = YES;
				CLANG_ENABLE_OBJC_ARC = YES;
				CLANG_WARN_BOOL_CONVERSION = YES;
				CLANG_WARN_CONSTANT_CONVERSION = YES;
				CLANG_WARN_DIRECT_OBJC_ISA_USAGE = YES_ERROR;
				CLANG_WARN_EMPTY_BODY = YES;
				CLANG_WARN_ENUM_CONVERSION = YES;
				CLANG_WARN_INT_CONVERSION = YES;
				CLANG_WARN_OBJC_ROOT_CLASS = YES_ERROR;
				CLANG_WARN__DUPLICATE_METHOD_MATCH = YES;
				"CODE_SIGN_IDENTITY[sdk=iphoneos*]" = "iPhone Developer";
				COPY_PHASE_STRIP = YES;
				ENABLE_NS_ASSERTIONS = NO;
				GCC_C_LANGUAGE_STANDARD = gnu99;
				GCC_WARN_64_TO_32_BIT_CONVERSION = YES;
				GCC_WARN_ABOUT_RETURN_TYPE = YES_ERROR;
				GCC_WARN_UNDECLARED_SELECTOR = YES;
				GCC_WARN_UNINITIALIZED_AUTOS = YES_AGGRESSIVE;
				GCC_WARN_UNUSED_FUNCTION = YES;
				GCC_WARN_UNUSED_VARIABLE = YES;
				IPHONEOS_DEPLOYMENT_TARGET = 7.0;
				SDKROOT = iphoneos;
				VALIDATE_PRODUCT = YES;
			};
			name = Release;
		};
		86C36ADC189D8E30003A1B5B /* Debug */ = {
			isa = XCBuildConfiguration;
			buildSettings = {
				ASSETCATALOG_COMPILER_APPICON_NAME = AppIcon;
				ASSETCATALOG_COMPILER_LAUNCHIMAGE_NAME = LaunchImage;
				GCC_PRECOMPILE_PREFIX_HEADER = YES;
				GCC_PREFIX_HEADER = "Supporting_Files/PuckMan-Prefix.pch";
				INFOPLIST_FILE = "$(SRCROOT)/Supporting_Files/PuckMan-Info.plist";
				IPHONEOS_DEPLOYMENT_TARGET = 7.0;
				PRODUCT_BUNDLE_IDENTIFIER = "org.vu0.${PRODUCT_NAME:rfc1034identifier}";
				PRODUCT_NAME = "$(TARGET_NAME)";
				SPRITEKIT_TEXTURE_ATLAS_OUTPUT = YES;
				WRAPPER_EXTENSION = app;
			};
			name = Debug;
		};
		86C36ADD189D8E30003A1B5B /* Release */ = {
			isa = XCBuildConfiguration;
			buildSettings = {
				ASSETCATALOG_COMPILER_APPICON_NAME = AppIcon;
				ASSETCATALOG_COMPILER_LAUNCHIMAGE_NAME = LaunchImage;
				GCC_PRECOMPILE_PREFIX_HEADER = YES;
				GCC_PREFIX_HEADER = "Supporting_Files/PuckMan-Prefix.pch";
				INFOPLIST_FILE = "$(SRCROOT)/Supporting_Files/PuckMan-Info.plist";
				IPHONEOS_DEPLOYMENT_TARGET = 7.0;
				PRODUCT_BUNDLE_IDENTIFIER = "org.vu0.${PRODUCT_NAME:rfc1034identifier}";
				PRODUCT_NAME = "$(TARGET_NAME)";
				SPRITEKIT_TEXTURE_ATLAS_OUTPUT = YES;
				WRAPPER_EXTENSION = app;
			};
			name = Release;
		};
		A1CDA2C61BCBCCB4002EF10F /* Debug */ = {
			isa = XCBuildConfiguration;
			buildSettings = {
				ASSETCATALOG_COMPILER_APPICON_NAME = "App Icon & Top Shelf Image";
				ASSETCATALOG_COMPILER_LAUNCHIMAGE_NAME = LaunchImage;
				CLANG_WARN_UNREACHABLE_CODE = YES;
				DEBUG_INFORMATION_FORMAT = "dwarf-with-dsym";
				ENABLE_STRICT_OBJC_MSGSEND = YES;
				ENABLE_TESTABILITY = YES;
				GCC_NO_COMMON_BLOCKS = YES;
				INFOPLIST_FILE = "$(SRCROOT)/Supporting_Files/tvOS/Info.plist";
				LD_RUNPATH_SEARCH_PATHS = "$(inherited) @executable_path/Frameworks";
				MTL_ENABLE_DEBUG_INFO = YES;
				PRODUCT_BUNDLE_IDENTIFIER = "org.vu0.PuckMan-TV";
				PRODUCT_NAME = "$(TARGET_NAME)";
				SDKROOT = appletvos;
				SWIFT_OBJC_BRIDGING_HEADER = Code/tvOS/BridgingHeader.h;
				SWIFT_OPTIMIZATION_LEVEL = "-Onone";
				TARGETED_DEVICE_FAMILY = 3;
				TVOS_DEPLOYMENT_TARGET = 9.0;
			};
			name = Debug;
		};
		A1CDA2C71BCBCCB4002EF10F /* Release */ = {
			isa = XCBuildConfiguration;
			buildSettings = {
				ASSETCATALOG_COMPILER_APPICON_NAME = "App Icon & Top Shelf Image";
				ASSETCATALOG_COMPILER_LAUNCHIMAGE_NAME = LaunchImage;
				CLANG_WARN_UNREACHABLE_CODE = YES;
				COPY_PHASE_STRIP = NO;
				DEBUG_INFORMATION_FORMAT = "dwarf-with-dsym";
				ENABLE_STRICT_OBJC_MSGSEND = YES;
				GCC_NO_COMMON_BLOCKS = YES;
				INFOPLIST_FILE = "$(SRCROOT)/Supporting_Files/tvOS/Info.plist";
				LD_RUNPATH_SEARCH_PATHS = "$(inherited) @executable_path/Frameworks";
				MTL_ENABLE_DEBUG_INFO = NO;
				PRODUCT_BUNDLE_IDENTIFIER = "org.vu0.PuckMan-TV";
				PRODUCT_NAME = "$(TARGET_NAME)";
				SDKROOT = appletvos;
				SWIFT_OBJC_BRIDGING_HEADER = Code/tvOS/BridgingHeader.h;
				TARGETED_DEVICE_FAMILY = 3;
				TVOS_DEPLOYMENT_TARGET = 9.0;
			};
			name = Release;
		};
/* End XCBuildConfiguration section */

/* Begin XCConfigurationList section */
		864D023F18A7A35700AF75EF /* Build configuration list for PBXNativeTarget "PuckMan-OSX" */ = {
			isa = XCConfigurationList;
			buildConfigurations = (
				864D023B18A7A35700AF75EF /* Debug */,
				864D023C18A7A35700AF75EF /* Release */,
			);
			defaultConfigurationIsVisible = 0;
			defaultConfigurationName = Release;
		};
		86C36A9D189D8E2F003A1B5B /* Build configuration list for PBXProject "PuckMan" */ = {
			isa = XCConfigurationList;
			buildConfigurations = (
				86C36AD9189D8E30003A1B5B /* Debug */,
				86C36ADA189D8E30003A1B5B /* Release */,
			);
			defaultConfigurationIsVisible = 0;
			defaultConfigurationName = Release;
		};
		86C36ADB189D8E30003A1B5B /* Build configuration list for PBXNativeTarget "PuckMan" */ = {
			isa = XCConfigurationList;
			buildConfigurations = (
				86C36ADC189D8E30003A1B5B /* Debug */,
				86C36ADD189D8E30003A1B5B /* Release */,
			);
			defaultConfigurationIsVisible = 0;
			defaultConfigurationName = Release;
		};
		A1CDA2C81BCBCCB4002EF10F /* Build configuration list for PBXNativeTarget "PuckMan-TV" */ = {
			isa = XCConfigurationList;
			buildConfigurations = (
				A1CDA2C61BCBCCB4002EF10F /* Debug */,
				A1CDA2C71BCBCCB4002EF10F /* Release */,
			);
			defaultConfigurationIsVisible = 0;
		};
/* End XCConfigurationList section */
	};
	rootObject = 86C36A9A189D8E2F003A1B5B /* Project object */;
}
